// !$*UTF8*$!
{
	archiveVersion = 1;
	classes = {
	};
	objectVersion = 56;
	objects = {

/* Begin PBXBuildFile section */
		EAB347012B5FA4CE00688A41 /* testChartTests.swift in Sources */ = {isa = PBXBuildFile; fileRef = EAB347002B5FA4CE00688A41 /* testChartTests.swift */; };
		EAB347082B5FA51500688A41 /* testNaturalNumbers.swift in Sources */ = {isa = PBXBuildFile; fileRef = EAB347072B5FA51500688A41 /* testNaturalNumbers.swift */; };
		EAB347092B5FA60700688A41 /* chartTableViewCell.swift in Sources */ = {isa = PBXBuildFile; fileRef = EAB721922B59559400628EEB /* chartTableViewCell.swift */; };
		EAB3470A2B5FA71B00688A41 /* extensions.swift in Sources */ = {isa = PBXBuildFile; fileRef = EAB721902B59502B00628EEB /* extensions.swift */; };
		EAB3470B2B5FA71E00688A41 /* customChart.swift in Sources */ = {isa = PBXBuildFile; fileRef = EAB7218E2B593CF100628EEB /* customChart.swift */; };
		EAB7217B2B593CCC00628EEB /* AppDelegate.swift in Sources */ = {isa = PBXBuildFile; fileRef = EAB7217A2B593CCC00628EEB /* AppDelegate.swift */; };
		EAB7217D2B593CCC00628EEB /* SceneDelegate.swift in Sources */ = {isa = PBXBuildFile; fileRef = EAB7217C2B593CCC00628EEB /* SceneDelegate.swift */; };
		EAB7217F2B593CCC00628EEB /* ViewController.swift in Sources */ = {isa = PBXBuildFile; fileRef = EAB7217E2B593CCC00628EEB /* ViewController.swift */; };
		EAB721822B593CCC00628EEB /* Main.storyboard in Resources */ = {isa = PBXBuildFile; fileRef = EAB721802B593CCC00628EEB /* Main.storyboard */; };
		EAB721842B593CCD00628EEB /* Assets.xcassets in Resources */ = {isa = PBXBuildFile; fileRef = EAB721832B593CCD00628EEB /* Assets.xcassets */; };
		EAB721872B593CCD00628EEB /* LaunchScreen.storyboard in Resources */ = {isa = PBXBuildFile; fileRef = EAB721852B593CCD00628EEB /* LaunchScreen.storyboard */; };
		EAB7218F2B593CF100628EEB /* customChart.swift in Sources */ = {isa = PBXBuildFile; fileRef = EAB7218E2B593CF100628EEB /* customChart.swift */; };
		EAB721912B59502B00628EEB /* extensions.swift in Sources */ = {isa = PBXBuildFile; fileRef = EAB721902B59502B00628EEB /* extensions.swift */; };
		EAB721942B59559400628EEB /* chartTableViewCell.swift in Sources */ = {isa = PBXBuildFile; fileRef = EAB721922B59559400628EEB /* chartTableViewCell.swift */; };
		EAB721952B59559400628EEB /* chartTableViewCell.xib in Resources */ = {isa = PBXBuildFile; fileRef = EAB721932B59559400628EEB /* chartTableViewCell.xib */; };
/* End PBXBuildFile section */

/* Begin PBXContainerItemProxy section */
		EAB347022B5FA4CE00688A41 /* PBXContainerItemProxy */ = {
			isa = PBXContainerItemProxy;
			containerPortal = EAB7216F2B593CCC00628EEB /* Project object */;
			proxyType = 1;
			remoteGlobalIDString = EAB721762B593CCC00628EEB;
			remoteInfo = testChart;
		};
/* End PBXContainerItemProxy section */

/* Begin PBXFileReference section */
		EAB346FE2B5FA4CE00688A41 /* testChartTests.xctest */ = {isa = PBXFileReference; explicitFileType = wrapper.cfbundle; includeInIndex = 0; path = testChartTests.xctest; sourceTree = BUILT_PRODUCTS_DIR; };
		EAB347002B5FA4CE00688A41 /* testChartTests.swift */ = {isa = PBXFileReference; lastKnownFileType = sourcecode.swift; path = testChartTests.swift; sourceTree = "<group>"; };
		EAB347072B5FA51500688A41 /* testNaturalNumbers.swift */ = {isa = PBXFileReference; lastKnownFileType = sourcecode.swift; path = testNaturalNumbers.swift; sourceTree = "<group>"; };
		EAB721772B593CCC00628EEB /* testChart.app */ = {isa = PBXFileReference; explicitFileType = wrapper.application; includeInIndex = 0; path = testChart.app; sourceTree = BUILT_PRODUCTS_DIR; };
		EAB7217A2B593CCC00628EEB /* AppDelegate.swift */ = {isa = PBXFileReference; lastKnownFileType = sourcecode.swift; path = AppDelegate.swift; sourceTree = "<group>"; };
		EAB7217C2B593CCC00628EEB /* SceneDelegate.swift */ = {isa = PBXFileReference; lastKnownFileType = sourcecode.swift; path = SceneDelegate.swift; sourceTree = "<group>"; };
		EAB7217E2B593CCC00628EEB /* ViewController.swift */ = {isa = PBXFileReference; lastKnownFileType = sourcecode.swift; path = ViewController.swift; sourceTree = "<group>"; };
		EAB721812B593CCC00628EEB /* Base */ = {isa = PBXFileReference; lastKnownFileType = file.storyboard; name = Base; path = Base.lproj/Main.storyboard; sourceTree = "<group>"; };
		EAB721832B593CCD00628EEB /* Assets.xcassets */ = {isa = PBXFileReference; lastKnownFileType = folder.assetcatalog; path = Assets.xcassets; sourceTree = "<group>"; };
		EAB721862B593CCD00628EEB /* Base */ = {isa = PBXFileReference; lastKnownFileType = file.storyboard; name = Base; path = Base.lproj/LaunchScreen.storyboard; sourceTree = "<group>"; };
		EAB721882B593CCD00628EEB /* Info.plist */ = {isa = PBXFileReference; lastKnownFileType = text.plist.xml; path = Info.plist; sourceTree = "<group>"; };
		EAB7218E2B593CF100628EEB /* customChart.swift */ = {isa = PBXFileReference; lastKnownFileType = sourcecode.swift; path = customChart.swift; sourceTree = "<group>"; };
		EAB721902B59502B00628EEB /* extensions.swift */ = {isa = PBXFileReference; lastKnownFileType = sourcecode.swift; path = extensions.swift; sourceTree = "<group>"; };
		EAB721922B59559400628EEB /* chartTableViewCell.swift */ = {isa = PBXFileReference; lastKnownFileType = sourcecode.swift; path = chartTableViewCell.swift; sourceTree = "<group>"; };
		EAB721932B59559400628EEB /* chartTableViewCell.xib */ = {isa = PBXFileReference; lastKnownFileType = file.xib; path = chartTableViewCell.xib; sourceTree = "<group>"; };
/* End PBXFileReference section */

/* Begin PBXFrameworksBuildPhase section */
		EAB346FB2B5FA4CE00688A41 /* Frameworks */ = {
			isa = PBXFrameworksBuildPhase;
			buildActionMask = 2147483647;
			files = (
			);
			runOnlyForDeploymentPostprocessing = 0;
		};
		EAB721742B593CCC00628EEB /* Frameworks */ = {
			isa = PBXFrameworksBuildPhase;
			buildActionMask = 2147483647;
			files = (
			);
			runOnlyForDeploymentPostprocessing = 0;
		};
/* End PBXFrameworksBuildPhase section */

/* Begin PBXGroup section */
		EAB346FF2B5FA4CE00688A41 /* testChartTests */ = {
			isa = PBXGroup;
			children = (
				EAB347002B5FA4CE00688A41 /* testChartTests.swift */,
				EAB347072B5FA51500688A41 /* testNaturalNumbers.swift */,
			);
			path = testChartTests;
			sourceTree = "<group>";
		};
		EAB7216E2B593CCC00628EEB = {
			isa = PBXGroup;
			children = (
				EAB7218E2B593CF100628EEB /* customChart.swift */,
				EAB721902B59502B00628EEB /* extensions.swift */,
				EAB721792B593CCC00628EEB /* testChart */,
				EAB346FF2B5FA4CE00688A41 /* testChartTests */,
				EAB721782B593CCC00628EEB /* Products */,
			);
			sourceTree = "<group>";
		};
		EAB721782B593CCC00628EEB /* Products */ = {
			isa = PBXGroup;
			children = (
				EAB721772B593CCC00628EEB /* testChart.app */,
				EAB346FE2B5FA4CE00688A41 /* testChartTests.xctest */,
			);
			name = Products;
			sourceTree = "<group>";
		};
		EAB721792B593CCC00628EEB /* testChart */ = {
			isa = PBXGroup;
			children = (
				EAB7217A2B593CCC00628EEB /* AppDelegate.swift */,
				EAB7217C2B593CCC00628EEB /* SceneDelegate.swift */,
				EAB7217E2B593CCC00628EEB /* ViewController.swift */,
				EAB721802B593CCC00628EEB /* Main.storyboard */,
				EAB721832B593CCD00628EEB /* Assets.xcassets */,
				EAB721852B593CCD00628EEB /* LaunchScreen.storyboard */,
				EAB721882B593CCD00628EEB /* Info.plist */,
				EAB721922B59559400628EEB /* chartTableViewCell.swift */,
				EAB721932B59559400628EEB /* chartTableViewCell.xib */,
			);
			path = testChart;
			sourceTree = "<group>";
		};
/* End PBXGroup section */

/* Begin PBXNativeTarget section */
		EAB346FD2B5FA4CE00688A41 /* testChartTests */ = {
			isa = PBXNativeTarget;
			buildConfigurationList = EAB347042B5FA4CE00688A41 /* Build configuration list for PBXNativeTarget "testChartTests" */;
			buildPhases = (
				EAB346FA2B5FA4CE00688A41 /* Sources */,
				EAB346FB2B5FA4CE00688A41 /* Frameworks */,
				EAB346FC2B5FA4CE00688A41 /* Resources */,
			);
			buildRules = (
			);
			dependencies = (
				EAB347032B5FA4CE00688A41 /* PBXTargetDependency */,
			);
			name = testChartTests;
			productName = testChartTests;
			productReference = EAB346FE2B5FA4CE00688A41 /* testChartTests.xctest */;
			productType = "com.apple.product-type.bundle.unit-test";
		};
		EAB721762B593CCC00628EEB /* testChart */ = {
			isa = PBXNativeTarget;
			buildConfigurationList = EAB7218B2B593CCD00628EEB /* Build configuration list for PBXNativeTarget "testChart" */;
			buildPhases = (
				EAB721732B593CCC00628EEB /* Sources */,
				EAB721742B593CCC00628EEB /* Frameworks */,
				EAB721752B593CCC00628EEB /* Resources */,
			);
			buildRules = (
			);
			dependencies = (
			);
			name = testChart;
			productName = testChart;
			productReference = EAB721772B593CCC00628EEB /* testChart.app */;
			productType = "com.apple.product-type.application";
		};
/* End PBXNativeTarget section */

/* Begin PBXProject section */
		EAB7216F2B593CCC00628EEB /* Project object */ = {
			isa = PBXProject;
			attributes = {
				BuildIndependentTargetsInParallel = 1;
				LastSwiftUpdateCheck = 1500;
				LastUpgradeCheck = 1500;
				TargetAttributes = {
					EAB346FD2B5FA4CE00688A41 = {
						CreatedOnToolsVersion = 15.0.1;
						TestTargetID = EAB721762B593CCC00628EEB;
					};
					EAB721762B593CCC00628EEB = {
						CreatedOnToolsVersion = 15.0.1;
					};
				};
			};
			buildConfigurationList = EAB721722B593CCC00628EEB /* Build configuration list for PBXProject "testChart" */;
			compatibilityVersion = "Xcode 14.0";
			developmentRegion = en;
			hasScannedForEncodings = 0;
			knownRegions = (
				en,
				Base,
			);
			mainGroup = EAB7216E2B593CCC00628EEB;
			productRefGroup = EAB721782B593CCC00628EEB /* Products */;
			projectDirPath = "";
			projectRoot = "";
			targets = (
				EAB721762B593CCC00628EEB /* testChart */,
				EAB346FD2B5FA4CE00688A41 /* testChartTests */,
			);
		};
/* End PBXProject section */

/* Begin PBXResourcesBuildPhase section */
		EAB346FC2B5FA4CE00688A41 /* Resources */ = {
			isa = PBXResourcesBuildPhase;
			buildActionMask = 2147483647;
			files = (
			);
			runOnlyForDeploymentPostprocessing = 0;
		};
		EAB721752B593CCC00628EEB /* Resources */ = {
			isa = PBXResourcesBuildPhase;
			buildActionMask = 2147483647;
			files = (
				EAB721952B59559400628EEB /* chartTableViewCell.xib in Resources */,
				EAB721872B593CCD00628EEB /* LaunchScreen.storyboard in Resources */,
				EAB721842B593CCD00628EEB /* Assets.xcassets in Resources */,
				EAB721822B593CCC00628EEB /* Main.storyboard in Resources */,
			);
			runOnlyForDeploymentPostprocessing = 0;
		};
/* End PBXResourcesBuildPhase section */

/* Begin PBXSourcesBuildPhase section */
		EAB346FA2B5FA4CE00688A41 /* Sources */ = {
			isa = PBXSourcesBuildPhase;
			buildActionMask = 2147483647;
			files = (
				EAB347082B5FA51500688A41 /* testNaturalNumbers.swift in Sources */,
				EAB347012B5FA4CE00688A41 /* testChartTests.swift in Sources */,
				EAB3470B2B5FA71E00688A41 /* customChart.swift in Sources */,
				EAB347092B5FA60700688A41 /* chartTableViewCell.swift in Sources */,
				EAB3470A2B5FA71B00688A41 /* extensions.swift in Sources */,
			);
			runOnlyForDeploymentPostprocessing = 0;
		};
		EAB721732B593CCC00628EEB /* Sources */ = {
			isa = PBXSourcesBuildPhase;
			buildActionMask = 2147483647;
			files = (
				EAB721912B59502B00628EEB /* extensions.swift in Sources */,
				EAB7217F2B593CCC00628EEB /* ViewController.swift in Sources */,
				EAB721942B59559400628EEB /* chartTableViewCell.swift in Sources */,
				EAB7218F2B593CF100628EEB /* customChart.swift in Sources */,
				EAB7217B2B593CCC00628EEB /* AppDelegate.swift in Sources */,
				EAB7217D2B593CCC00628EEB /* SceneDelegate.swift in Sources */,
			);
			runOnlyForDeploymentPostprocessing = 0;
		};
/* End PBXSourcesBuildPhase section */

/* Begin PBXTargetDependency section */
		EAB347032B5FA4CE00688A41 /* PBXTargetDependency */ = {
			isa = PBXTargetDependency;
			target = EAB721762B593CCC00628EEB /* testChart */;
			targetProxy = EAB347022B5FA4CE00688A41 /* PBXContainerItemProxy */;
		};
/* End PBXTargetDependency section */

/* Begin PBXVariantGroup section */
		EAB721802B593CCC00628EEB /* Main.storyboard */ = {
			isa = PBXVariantGroup;
			children = (
				EAB721812B593CCC00628EEB /* Base */,
			);
			name = Main.storyboard;
			sourceTree = "<group>";
		};
		EAB721852B593CCD00628EEB /* LaunchScreen.storyboard */ = {
			isa = PBXVariantGroup;
			children = (
				EAB721862B593CCD00628EEB /* Base */,
			);
			name = LaunchScreen.storyboard;
			sourceTree = "<group>";
		};
/* End PBXVariantGroup section */

/* Begin XCBuildConfiguration section */
		EAB347052B5FA4CE00688A41 /* Debug */ = {
			isa = XCBuildConfiguration;
			buildSettings = {
				BUNDLE_LOADER = "$(TEST_HOST)";
				CODE_SIGN_STYLE = Automatic;
				CURRENT_PROJECT_VERSION = 1;
				DEVELOPMENT_TEAM = DZPDU2NG5L;
				GENERATE_INFOPLIST_FILE = YES;
				IPHONEOS_DEPLOYMENT_TARGET = 17.0;
				MARKETING_VERSION = 1.0;
				PRODUCT_BUNDLE_IDENTIFIER = com.utility.testChartTests;
				PRODUCT_NAME = "$(TARGET_NAME)";
				SWIFT_EMIT_LOC_STRINGS = NO;
				SWIFT_VERSION = 5.0;
				TARGETED_DEVICE_FAMILY = "1,2";
				TEST_HOST = "$(BUILT_PRODUCTS_DIR)/testChart.app/$(BUNDLE_EXECUTABLE_FOLDER_PATH)/testChart";
			};
			name = Debug;
		};
		EAB347062B5FA4CE00688A41 /* Release */ = {
			isa = XCBuildConfiguration;
			buildSettings = {
				BUNDLE_LOADER = "$(TEST_HOST)";
				CODE_SIGN_STYLE = Automatic;
				CURRENT_PROJECT_VERSION = 1;
				DEVELOPMENT_TEAM = DZPDU2NG5L;
				GENERATE_INFOPLIST_FILE = YES;
				IPHONEOS_DEPLOYMENT_TARGET = 17.0;
				MARKETING_VERSION = 1.0;
				PRODUCT_BUNDLE_IDENTIFIER = com.utility.testChartTests;
				PRODUCT_NAME = "$(TARGET_NAME)";
				SWIFT_EMIT_LOC_STRINGS = NO;
				SWIFT_VERSION = 5.0;
				TARGETED_DEVICE_FAMILY = "1,2";
				TEST_HOST = "$(BUILT_PRODUCTS_DIR)/testChart.app/$(BUNDLE_EXECUTABLE_FOLDER_PATH)/testChart";
			};
			name = Release;
		};
		EAB721892B593CCD00628EEB /* Debug */ = {
			isa = XCBuildConfiguration;
			buildSettings = {
				ALWAYS_SEARCH_USER_PATHS = NO;
				ASSETCATALOG_COMPILER_GENERATE_SWIFT_ASSET_SYMBOL_EXTENSIONS = YES;
				CLANG_ANALYZER_NONNULL = YES;
				CLANG_ANALYZER_NUMBER_OBJECT_CONVERSION = YES_AGGRESSIVE;
				CLANG_CXX_LANGUAGE_STANDARD = "gnu++20";
				CLANG_ENABLE_MODULES = YES;
				CLANG_ENABLE_OBJC_ARC = YES;
				CLANG_ENABLE_OBJC_WEAK = YES;
				CLANG_WARN_BLOCK_CAPTURE_AUTORELEASING = YES;
				CLANG_WARN_BOOL_CONVERSION = YES;
				CLANG_WARN_COMMA = YES;
				CLANG_WARN_CONSTANT_CONVERSION = YES;
				CLANG_WARN_DEPRECATED_OBJC_IMPLEMENTATIONS = YES;
				CLANG_WARN_DIRECT_OBJC_ISA_USAGE = YES_ERROR;
				CLANG_WARN_DOCUMENTATION_COMMENTS = YES;
				CLANG_WARN_EMPTY_BODY = YES;
				CLANG_WARN_ENUM_CONVERSION = YES;
				CLANG_WARN_INFINITE_RECURSION = YES;
				CLANG_WARN_INT_CONVERSION = YES;
				CLANG_WARN_NON_LITERAL_NULL_CONVERSION = YES;
				CLANG_WARN_OBJC_IMPLICIT_RETAIN_SELF = YES;
				CLANG_WARN_OBJC_LITERAL_CONVERSION = YES;
				CLANG_WARN_OBJC_ROOT_CLASS = YES_ERROR;
				CLANG_WARN_QUOTED_INCLUDE_IN_FRAMEWORK_HEADER = YES;
				CLANG_WARN_RANGE_LOOP_ANALYSIS = YES;
				CLANG_WARN_STRICT_PROTOTYPES = YES;
				CLANG_WARN_SUSPICIOUS_MOVE = YES;
				CLANG_WARN_UNGUARDED_AVAILABILITY = YES_AGGRESSIVE;
				CLANG_WARN_UNREACHABLE_CODE = YES;
				CLANG_WARN__DUPLICATE_METHOD_MATCH = YES;
				COPY_PHASE_STRIP = NO;
				DEBUG_INFORMATION_FORMAT = dwarf;
				ENABLE_STRICT_OBJC_MSGSEND = YES;
				ENABLE_TESTABILITY = YES;
				ENABLE_USER_SCRIPT_SANDBOXING = YES;
				GCC_C_LANGUAGE_STANDARD = gnu17;
				GCC_DYNAMIC_NO_PIC = NO;
				GCC_NO_COMMON_BLOCKS = YES;
				GCC_OPTIMIZATION_LEVEL = 0;
				GCC_PREPROCESSOR_DEFINITIONS = (
					"DEBUG=1",
					"$(inherited)",
				);
				GCC_WARN_64_TO_32_BIT_CONVERSION = YES;
				GCC_WARN_ABOUT_RETURN_TYPE = YES_ERROR;
				GCC_WARN_UNDECLARED_SELECTOR = YES;
				GCC_WARN_UNINITIALIZED_AUTOS = YES_AGGRESSIVE;
				GCC_WARN_UNUSED_FUNCTION = YES;
				GCC_WARN_UNUSED_VARIABLE = YES;
				IPHONEOS_DEPLOYMENT_TARGET = 13.0;
				LOCALIZATION_PREFERS_STRING_CATALOGS = YES;
				MTL_ENABLE_DEBUG_INFO = INCLUDE_SOURCE;
				MTL_FAST_MATH = YES;
				ONLY_ACTIVE_ARCH = YES;
				SDKROOT = iphoneos;
				SWIFT_ACTIVE_COMPILATION_CONDITIONS = "DEBUG $(inherited)";
				SWIFT_OPTIMIZATION_LEVEL = "-Onone";
			};
			name = Debug;
		};
		EAB7218A2B593CCD00628EEB /* Release */ = {
			isa = XCBuildConfiguration;
			buildSettings = {
				ALWAYS_SEARCH_USER_PATHS = NO;
				ASSETCATALOG_COMPILER_GENERATE_SWIFT_ASSET_SYMBOL_EXTENSIONS = YES;
				CLANG_ANALYZER_NONNULL = YES;
				CLANG_ANALYZER_NUMBER_OBJECT_CONVERSION = YES_AGGRESSIVE;
				CLANG_CXX_LANGUAGE_STANDARD = "gnu++20";
				CLANG_ENABLE_MODULES = YES;
				CLANG_ENABLE_OBJC_ARC = YES;
				CLANG_ENABLE_OBJC_WEAK = YES;
				CLANG_WARN_BLOCK_CAPTURE_AUTORELEASING = YES;
				CLANG_WARN_BOOL_CONVERSION = YES;
				CLANG_WARN_COMMA = YES;
				CLANG_WARN_CONSTANT_CONVERSION = YES;
				CLANG_WARN_DEPRECATED_OBJC_IMPLEMENTATIONS = YES;
				CLANG_WARN_DIRECT_OBJC_ISA_USAGE = YES_ERROR;
				CLANG_WARN_DOCUMENTATION_COMMENTS = YES;
				CLANG_WARN_EMPTY_BODY = YES;
				CLANG_WARN_ENUM_CONVERSION = YES;
				CLANG_WARN_INFINITE_RECURSION = YES;
				CLANG_WARN_INT_CONVERSION = YES;
				CLANG_WARN_NON_LITERAL_NULL_CONVERSION = YES;
				CLANG_WARN_OBJC_IMPLICIT_RETAIN_SELF = YES;
				CLANG_WARN_OBJC_LITERAL_CONVERSION = YES;
				CLANG_WARN_OBJC_ROOT_CLASS = YES_ERROR;
				CLANG_WARN_QUOTED_INCLUDE_IN_FRAMEWORK_HEADER = YES;
				CLANG_WARN_RANGE_LOOP_ANALYSIS = YES;
				CLANG_WARN_STRICT_PROTOTYPES = YES;
				CLANG_WARN_SUSPICIOUS_MOVE = YES;
				CLANG_WARN_UNGUARDED_AVAILABILITY = YES_AGGRESSIVE;
				CLANG_WARN_UNREACHABLE_CODE = YES;
				CLANG_WARN__DUPLICATE_METHOD_MATCH = YES;
				COPY_PHASE_STRIP = NO;
				DEBUG_INFORMATION_FORMAT = "dwarf-with-dsym";
				ENABLE_NS_ASSERTIONS = NO;
				ENABLE_STRICT_OBJC_MSGSEND = YES;
				ENABLE_USER_SCRIPT_SANDBOXING = YES;
				GCC_C_LANGUAGE_STANDARD = gnu17;
				GCC_NO_COMMON_BLOCKS = YES;
				GCC_WARN_64_TO_32_BIT_CONVERSION = YES;
				GCC_WARN_ABOUT_RETURN_TYPE = YES_ERROR;
				GCC_WARN_UNDECLARED_SELECTOR = YES;
				GCC_WARN_UNINITIALIZED_AUTOS = YES_AGGRESSIVE;
				GCC_WARN_UNUSED_FUNCTION = YES;
				GCC_WARN_UNUSED_VARIABLE = YES;
				IPHONEOS_DEPLOYMENT_TARGET = 13.0;
				LOCALIZATION_PREFERS_STRING_CATALOGS = YES;
				MTL_ENABLE_DEBUG_INFO = NO;
				MTL_FAST_MATH = YES;
				SDKROOT = iphoneos;
				SWIFT_COMPILATION_MODE = wholemodule;
				VALIDATE_PRODUCT = YES;
			};
			name = Release;
		};
		EAB7218C2B593CCD00628EEB /* Debug */ = {
			isa = XCBuildConfiguration;
			buildSettings = {
				ASSETCATALOG_COMPILER_APPICON_NAME = AppIcon;
				ASSETCATALOG_COMPILER_GLOBAL_ACCENT_COLOR_NAME = AccentColor;
				CODE_SIGN_STYLE = Automatic;
				CURRENT_PROJECT_VERSION = 1;
				DEVELOPMENT_TEAM = DZPDU2NG5L;
				GENERATE_INFOPLIST_FILE = YES;
				INFOPLIST_FILE = testChart/Info.plist;
				INFOPLIST_KEY_UIApplicationSupportsIndirectInputEvents = YES;
				INFOPLIST_KEY_UILaunchStoryboardName = LaunchScreen;
				INFOPLIST_KEY_UIMainStoryboardFile = Main;
				INFOPLIST_KEY_UISupportedInterfaceOrientations_iPad = "UIInterfaceOrientationPortrait UIInterfaceOrientationPortraitUpsideDown UIInterfaceOrientationLandscapeLeft UIInterfaceOrientationLandscapeRight";
				INFOPLIST_KEY_UISupportedInterfaceOrientations_iPhone = "UIInterfaceOrientationPortrait UIInterfaceOrientationLandscapeLeft UIInterfaceOrientationLandscapeRight";
				IPHONEOS_DEPLOYMENT_TARGET = 13.0;
				LD_RUNPATH_SEARCH_PATHS = (
					"$(inherited)",
					"@executable_path/Frameworks",
				);
				MARKETING_VERSION = 1.0;
				PRODUCT_BUNDLE_IDENTIFIER = com.utility.testChart;
				PRODUCT_NAME = "$(TARGET_NAME)";
				SWIFT_EMIT_LOC_STRINGS = YES;
				SWIFT_VERSION = 5.0;
				TARGETED_DEVICE_FAMILY = "1,2";
			};
			name = Debug;
		};
		EAB7218D2B593CCD00628EEB /* Release */ = {
			isa = XCBuildConfiguration;
			buildSettings = {
				ASSETCATALOG_COMPILER_APPICON_NAME = AppIcon;
				ASSETCATALOG_COMPILER_GLOBAL_ACCENT_COLOR_NAME = AccentColor;
				CODE_SIGN_STYLE = Automatic;
				CURRENT_PROJECT_VERSION = 1;
				DEVELOPMENT_TEAM = DZPDU2NG5L;
				GENERATE_INFOPLIST_FILE = YES;
				INFOPLIST_FILE = testChart/Info.plist;
				INFOPLIST_KEY_UIApplicationSupportsIndirectInputEvents = YES;
				INFOPLIST_KEY_UILaunchStoryboardName = LaunchScreen;
				INFOPLIST_KEY_UIMainStoryboardFile = Main;
				INFOPLIST_KEY_UISupportedInterfaceOrientations_iPad = "UIInterfaceOrientationPortrait UIInterfaceOrientationPortraitUpsideDown UIInterfaceOrientationLandscapeLeft UIInterfaceOrientationLandscapeRight";
				INFOPLIST_KEY_UISupportedInterfaceOrientations_iPhone = "UIInterfaceOrientationPortrait UIInterfaceOrientationLandscapeLeft UIInterfaceOrientationLandscapeRight";
				IPHONEOS_DEPLOYMENT_TARGET = 13.0;
				LD_RUNPATH_SEARCH_PATHS = (
					"$(inherited)",
					"@executable_path/Frameworks",
				);
				MARKETING_VERSION = 1.0;
				PRODUCT_BUNDLE_IDENTIFIER = com.utility.testChart;
				PRODUCT_NAME = "$(TARGET_NAME)";
				SWIFT_EMIT_LOC_STRINGS = YES;
				SWIFT_VERSION = 5.0;
				TARGETED_DEVICE_FAMILY = "1,2";
			};
			name = Release;
		};
/* End XCBuildConfiguration section */

/* Begin XCConfigurationList section */
		EAB347042B5FA4CE00688A41 /* Build configuration list for PBXNativeTarget "testChartTests" */ = {
			isa = XCConfigurationList;
			buildConfigurations = (
				EAB347052B5FA4CE00688A41 /* Debug */,
				EAB347062B5FA4CE00688A41 /* Release */,
			);
			defaultConfigurationIsVisible = 0;
			defaultConfigurationName = Release;
		};
		EAB721722B593CCC00628EEB /* Build configuration list for PBXProject "testChart" */ = {
			isa = XCConfigurationList;
			buildConfigurations = (
				EAB721892B593CCD00628EEB /* Debug */,
				EAB7218A2B593CCD00628EEB /* Release */,
			);
			defaultConfigurationIsVisible = 0;
			defaultConfigurationName = Release;
		};
		EAB7218B2B593CCD00628EEB /* Build configuration list for PBXNativeTarget "testChart" */ = {
			isa = XCConfigurationList;
			buildConfigurations = (
				EAB7218C2B593CCD00628EEB /* Debug */,
				EAB7218D2B593CCD00628EEB /* Release */,
			);
			defaultConfigurationIsVisible = 0;
			defaultConfigurationName = Release;
		};
/* End XCConfigurationList section */
	};
	rootObject = EAB7216F2B593CCC00628EEB /* Project object */;
}
